
Microsoft Visual Studio Solution File, Format Version 12.00
# Visual Studio Version 16
VisualStudioVersion = 16.0.29123.88
MinimumVisualStudioVersion = 10.0.40219.1
Project("{FAE04EC0-301F-11D3-BF4B-00C04F79EFBC}") = "cw1", "cw1.csproj", "{4ABE8843-0567-4E28-B9C7-BD0529574A57}"
EndProject
Global
	GlobalSection(SolutionConfigurationPlatforms) = preSolution
		Debug|Any CPU = Debug|Any CPU
		Release|Any CPU = Release|Any CPU
	EndGlobalSection
	GlobalSection(ProjectConfigurationPlatforms) = postSolution
		{4ABE8843-0567-4E28-B9C7-BD0529574A57}.Debug|Any CPU.ActiveCfg = Debug|Any CPU
		{4ABE8843-0567-4E28-B9C7-BD0529574A57}.Debug|Any CPU.Build.0 = Debug|Any CPU
		{4ABE8843-0567-4E28-B9C7-BD0529574A57}.Release|Any CPU.ActiveCfg = Release|Any CPU
		{4ABE8843-0567-4E28-B9C7-BD0529574A57}.Release|Any CPU.Build.0 = Release|Any CPU
	EndGlobalSection
	GlobalSection(SolutionProperties) = preSolution
		HideSolutionNode = FALSE
	EndGlobalSection
	GlobalSection(ExtensibilityGlobals) = postSolution
		SolutionGuid = {15EC9574-35B4-44A0-BDAB-BB65B2CE772C}
	EndGlobalSection
EndGlobal
